
Microsoft Visual Studio Solution File, Format Version 12.00
# Visual Studio Version 17
VisualStudioVersion = 17.9.34622.214
MinimumVisualStudioVersion = 10.0.40219.1
Project("{FAE04EC0-301F-11D3-BF4B-00C04F79EFBC}") = "module1", "module1.csproj", "{989D6F79-AFDD-4065-89BA-6F6FAB5C93BE}"
EndProject
Global
	GlobalSection(SolutionConfigurationPlatforms) = preSolution
		Debug|Any CPU = Debug|Any CPU
		Release|Any CPU = Release|Any CPU
	EndGlobalSection
	GlobalSection(ProjectConfigurationPlatforms) = postSolution
		{989D6F79-AFDD-4065-89BA-6F6FAB5C93BE}.Debug|Any CPU.ActiveCfg = Debug|Any CPU
		{989D6F79-AFDD-4065-89BA-6F6FAB5C93BE}.Debug|Any CPU.Build.0 = Debug|Any CPU
		{989D6F79-AFDD-4065-89BA-6F6FAB5C93BE}.Release|Any CPU.ActiveCfg = Release|Any CPU
		{989D6F79-AFDD-4065-89BA-6F6FAB5C93BE}.Release|Any CPU.Build.0 = Release|Any CPU
	EndGlobalSection
	GlobalSection(SolutionProperties) = preSolution
		HideSolutionNode = FALSE
	EndGlobalSection
	GlobalSection(ExtensibilityGlobals) = postSolution
		SolutionGuid = {0D017838-8B97-4EC3-842B-4AB0B975347D}
	EndGlobalSection
EndGlobal
